// !$*UTF8*$!
{
	archiveVersion = 1;
	classes = {
	};
	objectVersion = 55;
	objects = {

/* Begin PBXBuildFile section */
		11DAB3102797A69000AA086B /* AppDelegate.swift in Sources */ = {isa = PBXBuildFile; fileRef = 11DAB30F2797A69000AA086B /* AppDelegate.swift */; };
		11DAB3122797A69000AA086B /* SceneDelegate.swift in Sources */ = {isa = PBXBuildFile; fileRef = 11DAB3112797A69000AA086B /* SceneDelegate.swift */; };
		11DAB3142797A69000AA086B /* ViewController.swift in Sources */ = {isa = PBXBuildFile; fileRef = 11DAB3132797A69000AA086B /* ViewController.swift */; };
		11DAB3172797A69000AA086B /* Main.storyboard in Resources */ = {isa = PBXBuildFile; fileRef = 11DAB3152797A69000AA086B /* Main.storyboard */; };
		11DAB3192797A69200AA086B /* Assets.xcassets in Resources */ = {isa = PBXBuildFile; fileRef = 11DAB3182797A69200AA086B /* Assets.xcassets */; };
		11DAB31C2797A69200AA086B /* LaunchScreen.storyboard in Resources */ = {isa = PBXBuildFile; fileRef = 11DAB31A2797A69200AA086B /* LaunchScreen.storyboard */; };
		11DAB32527985ED000AA086B /* HomeStoryboard.storyboard in Resources */ = {isa = PBXBuildFile; fileRef = 11DAB32427985ED000AA086B /* HomeStoryboard.storyboard */; };
		11DAB32727985EFE00AA086B /* AddStoryboard.storyboard in Resources */ = {isa = PBXBuildFile; fileRef = 11DAB32627985EFE00AA086B /* AddStoryboard.storyboard */; };
		11DAB32927985F1100AA086B /* AccountStoryboard.storyboard in Resources */ = {isa = PBXBuildFile; fileRef = 11DAB32827985F1100AA086B /* AccountStoryboard.storyboard */; };
		11DAB32B27985F2000AA086B /* ChartStoryboard.storyboard in Resources */ = {isa = PBXBuildFile; fileRef = 11DAB32A27985F2000AA086B /* ChartStoryboard.storyboard */; };
		11DAB32E27987A5800AA086B /* AddViewController.swift in Sources */ = {isa = PBXBuildFile; fileRef = 11DAB32D27987A5800AA086B /* AddViewController.swift */; };
		11DAB3322799E6CD00AA086B /* Utilities.swift in Sources */ = {isa = PBXBuildFile; fileRef = 11DAB3312799E6CD00AA086B /* Utilities.swift */; };
		11DAB3342799E90D00AA086B /* GraphViewController.swift in Sources */ = {isa = PBXBuildFile; fileRef = 11DAB3332799E90D00AA086B /* GraphViewController.swift */; };
		11DAB33D279C3E5F00AA086B /* CollectionViewController.swift in Sources */ = {isa = PBXBuildFile; fileRef = 11DAB33C279C3E5F00AA086B /* CollectionViewController.swift */; };
		11DAB33F279C51E200AA086B /* ItemCollectionViewCell.swift in Sources */ = {isa = PBXBuildFile; fileRef = 11DAB33E279C51E200AA086B /* ItemCollectionViewCell.swift */; };
		11DAB342279C591B00AA086B /* Stocks.swift in Sources */ = {isa = PBXBuildFile; fileRef = 11DAB341279C591B00AA086B /* Stocks.swift */; };
/* End PBXBuildFile section */

/* Begin PBXFileReference section */
		11DAB30C2797A69000AA086B /* UITabBar.app */ = {isa = PBXFileReference; explicitFileType = wrapper.application; includeInIndex = 0; path = UITabBar.app; sourceTree = BUILT_PRODUCTS_DIR; };
		11DAB30F2797A69000AA086B /* AppDelegate.swift */ = {isa = PBXFileReference; lastKnownFileType = sourcecode.swift; path = AppDelegate.swift; sourceTree = "<group>"; };
		11DAB3112797A69000AA086B /* SceneDelegate.swift */ = {isa = PBXFileReference; lastKnownFileType = sourcecode.swift; path = SceneDelegate.swift; sourceTree = "<group>"; };
		11DAB3132797A69000AA086B /* ViewController.swift */ = {isa = PBXFileReference; lastKnownFileType = sourcecode.swift; path = ViewController.swift; sourceTree = "<group>"; };
		11DAB3162797A69000AA086B /* Base */ = {isa = PBXFileReference; lastKnownFileType = file.storyboard; name = Base; path = Base.lproj/Main.storyboard; sourceTree = "<group>"; };
		11DAB3182797A69200AA086B /* Assets.xcassets */ = {isa = PBXFileReference; lastKnownFileType = folder.assetcatalog; path = Assets.xcassets; sourceTree = "<group>"; };
		11DAB31B2797A69200AA086B /* Base */ = {isa = PBXFileReference; lastKnownFileType = file.storyboard; name = Base; path = Base.lproj/LaunchScreen.storyboard; sourceTree = "<group>"; };
		11DAB31D2797A69200AA086B /* Info.plist */ = {isa = PBXFileReference; lastKnownFileType = text.plist.xml; path = Info.plist; sourceTree = "<group>"; };
		11DAB32427985ED000AA086B /* HomeStoryboard.storyboard */ = {isa = PBXFileReference; lastKnownFileType = file.storyboard; path = HomeStoryboard.storyboard; sourceTree = "<group>"; };
		11DAB32627985EFE00AA086B /* AddStoryboard.storyboard */ = {isa = PBXFileReference; lastKnownFileType = file.storyboard; path = AddStoryboard.storyboard; sourceTree = "<group>"; };
		11DAB32827985F1100AA086B /* AccountStoryboard.storyboard */ = {isa = PBXFileReference; lastKnownFileType = file.storyboard; path = AccountStoryboard.storyboard; sourceTree = "<group>"; };
		11DAB32A27985F2000AA086B /* ChartStoryboard.storyboard */ = {isa = PBXFileReference; lastKnownFileType = file.storyboard; path = ChartStoryboard.storyboard; sourceTree = "<group>"; };
		11DAB32D27987A5800AA086B /* AddViewController.swift */ = {isa = PBXFileReference; lastKnownFileType = sourcecode.swift; path = AddViewController.swift; sourceTree = "<group>"; };
		11DAB32F2799AA6D00AA086B /* UITabBar.entitlements */ = {isa = PBXFileReference; lastKnownFileType = text.plist.entitlements; path = UITabBar.entitlements; sourceTree = "<group>"; };
		11DAB3312799E6CD00AA086B /* Utilities.swift */ = {isa = PBXFileReference; lastKnownFileType = sourcecode.swift; path = Utilities.swift; sourceTree = "<group>"; };
		11DAB3332799E90D00AA086B /* GraphViewController.swift */ = {isa = PBXFileReference; lastKnownFileType = sourcecode.swift; path = GraphViewController.swift; sourceTree = "<group>"; };
		11DAB33C279C3E5F00AA086B /* CollectionViewController.swift */ = {isa = PBXFileReference; lastKnownFileType = sourcecode.swift; path = CollectionViewController.swift; sourceTree = "<group>"; };
		11DAB33E279C51E200AA086B /* ItemCollectionViewCell.swift */ = {isa = PBXFileReference; lastKnownFileType = sourcecode.swift; path = ItemCollectionViewCell.swift; sourceTree = "<group>"; };
		11DAB341279C591B00AA086B /* Stocks.swift */ = {isa = PBXFileReference; lastKnownFileType = sourcecode.swift; path = Stocks.swift; sourceTree = "<group>"; };
/* End PBXFileReference section */

/* Begin PBXFrameworksBuildPhase section */
		11DAB3092797A69000AA086B /* Frameworks */ = {
			isa = PBXFrameworksBuildPhase;
			buildActionMask = 2147483647;
			files = (
			);
			runOnlyForDeploymentPostprocessing = 0;
		};
/* End PBXFrameworksBuildPhase section */

/* Begin PBXGroup section */
		11DAB3032797A69000AA086B = {
			isa = PBXGroup;
			children = (
				11DAB30E2797A69000AA086B /* UITabBar */,
				11DAB30D2797A69000AA086B /* Products */,
			);
			sourceTree = "<group>";
		};
		11DAB30D2797A69000AA086B /* Products */ = {
			isa = PBXGroup;
			children = (
				11DAB30C2797A69000AA086B /* UITabBar.app */,
			);
			name = Products;
			sourceTree = "<group>";
		};
		11DAB30E2797A69000AA086B /* UITabBar */ = {
			isa = PBXGroup;
			children = (
				11DAB340279C590800AA086B /* Models */,
				11DAB339279C3D0700AA086B /* Collections */,
				11DAB3302799E6B800AA086B /* Utilities */,
				11DAB32F2799AA6D00AA086B /* UITabBar.entitlements */,
				11DAB32C27987A3900AA086B /* ViewControllers */,
				11DAB32327985EB100AA086B /* Storyboards */,
				11DAB30F2797A69000AA086B /* AppDelegate.swift */,
				11DAB3112797A69000AA086B /* SceneDelegate.swift */,
				11DAB3132797A69000AA086B /* ViewController.swift */,
				11DAB3152797A69000AA086B /* Main.storyboard */,
				11DAB3182797A69200AA086B /* Assets.xcassets */,
				11DAB31A2797A69200AA086B /* LaunchScreen.storyboard */,
				11DAB31D2797A69200AA086B /* Info.plist */,
				11DAB33C279C3E5F00AA086B /* CollectionViewController.swift */,
			);
			path = UITabBar;
			sourceTree = "<group>";
		};
		11DAB32327985EB100AA086B /* Storyboards */ = {
			isa = PBXGroup;
			children = (
				11DAB32427985ED000AA086B /* HomeStoryboard.storyboard */,
				11DAB32627985EFE00AA086B /* AddStoryboard.storyboard */,
				11DAB32827985F1100AA086B /* AccountStoryboard.storyboard */,
				11DAB32A27985F2000AA086B /* ChartStoryboard.storyboard */,
			);
			path = Storyboards;
			sourceTree = "<group>";
		};
		11DAB32C27987A3900AA086B /* ViewControllers */ = {
			isa = PBXGroup;
			children = (
				11DAB32D27987A5800AA086B /* AddViewController.swift */,
				11DAB3332799E90D00AA086B /* GraphViewController.swift */,
			);
			path = ViewControllers;
			sourceTree = "<group>";
		};
		11DAB3302799E6B800AA086B /* Utilities */ = {
			isa = PBXGroup;
			children = (
				11DAB3312799E6CD00AA086B /* Utilities.swift */,
			);
			path = Utilities;
			sourceTree = "<group>";
		};
		11DAB339279C3D0700AA086B /* Collections */ = {
			isa = PBXGroup;
			children = (
				11DAB33E279C51E200AA086B /* ItemCollectionViewCell.swift */,
			);
			path = Collections;
			sourceTree = "<group>";
		};
		11DAB340279C590800AA086B /* Models */ = {
			isa = PBXGroup;
			children = (
				11DAB341279C591B00AA086B /* Stocks.swift */,
			);
			path = Models;
			sourceTree = "<group>";
		};
/* End PBXGroup section */

/* Begin PBXNativeTarget section */
		11DAB30B2797A69000AA086B /* UITabBar */ = {
			isa = PBXNativeTarget;
			buildConfigurationList = 11DAB3202797A69200AA086B /* Build configuration list for PBXNativeTarget "UITabBar" */;
			buildPhases = (
				11DAB3082797A69000AA086B /* Sources */,
				11DAB3092797A69000AA086B /* Frameworks */,
				11DAB30A2797A69000AA086B /* Resources */,
			);
			buildRules = (
			);
			dependencies = (
			);
			name = UITabBar;
			packageProductDependencies = (
			);
			productName = UITabBar;
			productReference = 11DAB30C2797A69000AA086B /* UITabBar.app */;
			productType = "com.apple.product-type.application";
		};
/* End PBXNativeTarget section */

/* Begin PBXProject section */
		11DAB3042797A69000AA086B /* Project object */ = {
			isa = PBXProject;
			attributes = {
				BuildIndependentTargetsInParallel = 1;
				LastSwiftUpdateCheck = 1320;
				LastUpgradeCheck = 1320;
				TargetAttributes = {
					11DAB30B2797A69000AA086B = {
						CreatedOnToolsVersion = 13.2.1;
					};
				};
			};
			buildConfigurationList = 11DAB3072797A69000AA086B /* Build configuration list for PBXProject "UITabBar" */;
			compatibilityVersion = "Xcode 13.0";
			developmentRegion = en;
			hasScannedForEncodings = 0;
			knownRegions = (
				en,
				Base,
			);
			mainGroup = 11DAB3032797A69000AA086B;
			packageReferences = (
				11DAB335279AE70D00AA086B /* XCRemoteSwiftPackageReference "CalendarKit" */,
				11DAB338279AF2C000AA086B /* XCRemoteSwiftPackageReference "HorizontalCalendar" */,
			);
			productRefGroup = 11DAB30D2797A69000AA086B /* Products */;
			projectDirPath = "";
			projectRoot = "";
			targets = (
				11DAB30B2797A69000AA086B /* UITabBar */,
			);
		};
/* End PBXProject section */

/* Begin PBXResourcesBuildPhase section */
		11DAB30A2797A69000AA086B /* Resources */ = {
			isa = PBXResourcesBuildPhase;
			buildActionMask = 2147483647;
			files = (
				11DAB31C2797A69200AA086B /* LaunchScreen.storyboard in Resources */,
				11DAB3192797A69200AA086B /* Assets.xcassets in Resources */,
				11DAB32527985ED000AA086B /* HomeStoryboard.storyboard in Resources */,
				11DAB32B27985F2000AA086B /* ChartStoryboard.storyboard in Resources */,
				11DAB32927985F1100AA086B /* AccountStoryboard.storyboard in Resources */,
				11DAB3172797A69000AA086B /* Main.storyboard in Resources */,
				11DAB32727985EFE00AA086B /* AddStoryboard.storyboard in Resources */,
			);
			runOnlyForDeploymentPostprocessing = 0;
		};
/* End PBXResourcesBuildPhase section */

/* Begin PBXSourcesBuildPhase section */
		11DAB3082797A69000AA086B /* Sources */ = {
			isa = PBXSourcesBuildPhase;
			buildActionMask = 2147483647;
			files = (
				11DAB3142797A69000AA086B /* ViewController.swift in Sources */,
				11DAB3102797A69000AA086B /* AppDelegate.swift in Sources */,
				11DAB32E27987A5800AA086B /* AddViewController.swift in Sources */,
				11DAB3342799E90D00AA086B /* GraphViewController.swift in Sources */,
				11DAB342279C591B00AA086B /* Stocks.swift in Sources */,
				11DAB33D279C3E5F00AA086B /* CollectionViewController.swift in Sources */,
				11DAB33F279C51E200AA086B /* ItemCollectionViewCell.swift in Sources */,
				11DAB3322799E6CD00AA086B /* Utilities.swift in Sources */,
				11DAB3122797A69000AA086B /* SceneDelegate.swift in Sources */,
			);
			runOnlyForDeploymentPostprocessing = 0;
		};
/* End PBXSourcesBuildPhase section */

/* Begin PBXVariantGroup section */
		11DAB3152797A69000AA086B /* Main.storyboard */ = {
			isa = PBXVariantGroup;
			children = (
				11DAB3162797A69000AA086B /* Base */,
			);
			name = Main.storyboard;
			sourceTree = "<group>";
		};
		11DAB31A2797A69200AA086B /* LaunchScreen.storyboard */ = {
			isa = PBXVariantGroup;
			children = (
				11DAB31B2797A69200AA086B /* Base */,
			);
			name = LaunchScreen.storyboard;
			sourceTree = "<group>";
		};
/* End PBXVariantGroup section */

/* Begin XCBuildConfiguration section */
		11DAB31E2797A69200AA086B /* Debug */ = {
			isa = XCBuildConfiguration;
			buildSettings = {
				ALWAYS_SEARCH_USER_PATHS = NO;
				CLANG_ANALYZER_NONNULL = YES;
				CLANG_ANALYZER_NUMBER_OBJECT_CONVERSION = YES_AGGRESSIVE;
				CLANG_CXX_LANGUAGE_STANDARD = "gnu++17";
				CLANG_CXX_LIBRARY = "libc++";
				CLANG_ENABLE_MODULES = YES;
				CLANG_ENABLE_OBJC_ARC = YES;
				CLANG_ENABLE_OBJC_WEAK = YES;
				CLANG_WARN_BLOCK_CAPTURE_AUTORELEASING = YES;
				CLANG_WARN_BOOL_CONVERSION = YES;
				CLANG_WARN_COMMA = YES;
				CLANG_WARN_CONSTANT_CONVERSION = YES;
				CLANG_WARN_DEPRECATED_OBJC_IMPLEMENTATIONS = YES;
				CLANG_WARN_DIRECT_OBJC_ISA_USAGE = YES_ERROR;
				CLANG_WARN_DOCUMENTATION_COMMENTS = YES;
				CLANG_WARN_EMPTY_BODY = YES;
				CLANG_WARN_ENUM_CONVERSION = YES;
				CLANG_WARN_INFINITE_RECURSION = YES;
				CLANG_WARN_INT_CONVERSION = YES;
				CLANG_WARN_NON_LITERAL_NULL_CONVERSION = YES;
				CLANG_WARN_OBJC_IMPLICIT_RETAIN_SELF = YES;
				CLANG_WARN_OBJC_LITERAL_CONVERSION = YES;
				CLANG_WARN_OBJC_ROOT_CLASS = YES_ERROR;
				CLANG_WARN_QUOTED_INCLUDE_IN_FRAMEWORK_HEADER = YES;
				CLANG_WARN_RANGE_LOOP_ANALYSIS = YES;
				CLANG_WARN_STRICT_PROTOTYPES = YES;
				CLANG_WARN_SUSPICIOUS_MOVE = YES;
				CLANG_WARN_UNGUARDED_AVAILABILITY = YES_AGGRESSIVE;
				CLANG_WARN_UNREACHABLE_CODE = YES;
				CLANG_WARN__DUPLICATE_METHOD_MATCH = YES;
				COPY_PHASE_STRIP = NO;
				DEBUG_INFORMATION_FORMAT = dwarf;
				ENABLE_STRICT_OBJC_MSGSEND = YES;
				ENABLE_TESTABILITY = YES;
				GCC_C_LANGUAGE_STANDARD = gnu11;
				GCC_DYNAMIC_NO_PIC = NO;
				GCC_NO_COMMON_BLOCKS = YES;
				GCC_OPTIMIZATION_LEVEL = 0;
				GCC_PREPROCESSOR_DEFINITIONS = (
					"DEBUG=1",
					"$(inherited)",
				);
				GCC_WARN_64_TO_32_BIT_CONVERSION = YES;
				GCC_WARN_ABOUT_RETURN_TYPE = YES_ERROR;
				GCC_WARN_UNDECLARED_SELECTOR = YES;
				GCC_WARN_UNINITIALIZED_AUTOS = YES_AGGRESSIVE;
				GCC_WARN_UNUSED_FUNCTION = YES;
				GCC_WARN_UNUSED_VARIABLE = YES;
				IPHONEOS_DEPLOYMENT_TARGET = 15.0;
				MTL_ENABLE_DEBUG_INFO = INCLUDE_SOURCE;
				MTL_FAST_MATH = YES;
				ONLY_ACTIVE_ARCH = YES;
				SDKROOT = iphoneos;
				SWIFT_ACTIVE_COMPILATION_CONDITIONS = DEBUG;
				SWIFT_OPTIMIZATION_LEVEL = "-Onone";
			};
			name = Debug;
		};
		11DAB31F2797A69200AA086B /* Release */ = {
			isa = XCBuildConfiguration;
			buildSettings = {
				ALWAYS_SEARCH_USER_PATHS = NO;
				CLANG_ANALYZER_NONNULL = YES;
				CLANG_ANALYZER_NUMBER_OBJECT_CONVERSION = YES_AGGRESSIVE;
				CLANG_CXX_LANGUAGE_STANDARD = "gnu++17";
				CLANG_CXX_LIBRARY = "libc++";
				CLANG_ENABLE_MODULES = YES;
				CLANG_ENABLE_OBJC_ARC = YES;
				CLANG_ENABLE_OBJC_WEAK = YES;
				CLANG_WARN_BLOCK_CAPTURE_AUTORELEASING = YES;
				CLANG_WARN_BOOL_CONVERSION = YES;
				CLANG_WARN_COMMA = YES;
				CLANG_WARN_CONSTANT_CONVERSION = YES;
				CLANG_WARN_DEPRECATED_OBJC_IMPLEMENTATIONS = YES;
				CLANG_WARN_DIRECT_OBJC_ISA_USAGE = YES_ERROR;
				CLANG_WARN_DOCUMENTATION_COMMENTS = YES;
				CLANG_WARN_EMPTY_BODY = YES;
				CLANG_WARN_ENUM_CONVERSION = YES;
				CLANG_WARN_INFINITE_RECURSION = YES;
				CLANG_WARN_INT_CONVERSION = YES;
				CLANG_WARN_NON_LITERAL_NULL_CONVERSION = YES;
				CLANG_WARN_OBJC_IMPLICIT_RETAIN_SELF = YES;
				CLANG_WARN_OBJC_LITERAL_CONVERSION = YES;
				CLANG_WARN_OBJC_ROOT_CLASS = YES_ERROR;
				CLANG_WARN_QUOTED_INCLUDE_IN_FRAMEWORK_HEADER = YES;
				CLANG_WARN_RANGE_LOOP_ANALYSIS = YES;
				CLANG_WARN_STRICT_PROTOTYPES = YES;
				CLANG_WARN_SUSPICIOUS_MOVE = YES;
				CLANG_WARN_UNGUARDED_AVAILABILITY = YES_AGGRESSIVE;
				CLANG_WARN_UNREACHABLE_CODE = YES;
				CLANG_WARN__DUPLICATE_METHOD_MATCH = YES;
				COPY_PHASE_STRIP = NO;
				DEBUG_INFORMATION_FORMAT = "dwarf-with-dsym";
				ENABLE_NS_ASSERTIONS = NO;
				ENABLE_STRICT_OBJC_MSGSEND = YES;
				GCC_C_LANGUAGE_STANDARD = gnu11;
				GCC_NO_COMMON_BLOCKS = YES;
				GCC_WARN_64_TO_32_BIT_CONVERSION = YES;
				GCC_WARN_ABOUT_RETURN_TYPE = YES_ERROR;
				GCC_WARN_UNDECLARED_SELECTOR = YES;
				GCC_WARN_UNINITIALIZED_AUTOS = YES_AGGRESSIVE;
				GCC_WARN_UNUSED_FUNCTION = YES;
				GCC_WARN_UNUSED_VARIABLE = YES;
				IPHONEOS_DEPLOYMENT_TARGET = 15.0;
				MTL_ENABLE_DEBUG_INFO = NO;
				MTL_FAST_MATH = YES;
				SDKROOT = iphoneos;
				SWIFT_COMPILATION_MODE = wholemodule;
				SWIFT_OPTIMIZATION_LEVEL = "-O";
				VALIDATE_PRODUCT = YES;
			};
			name = Release;
		};
		11DAB3212797A69200AA086B /* Debug */ = {
			isa = XCBuildConfiguration;
			buildSettings = {
				ASSETCATALOG_COMPILER_APPICON_NAME = AppIcon;
				ASSETCATALOG_COMPILER_GLOBAL_ACCENT_COLOR_NAME = AccentColor;
				CODE_SIGN_ENTITLEMENTS = UITabBar/UITabBar.entitlements;
				CODE_SIGN_STYLE = Automatic;
				CURRENT_PROJECT_VERSION = 1;
				DEVELOPMENT_TEAM = YR7ARU28XV;
				GENERATE_INFOPLIST_FILE = YES;
				INFOPLIST_FILE = UITabBar/Info.plist;
				INFOPLIST_KEY_UIApplicationSupportsIndirectInputEvents = YES;
				INFOPLIST_KEY_UILaunchStoryboardName = LaunchScreen;
				INFOPLIST_KEY_UIMainStoryboardFile = Main;
				INFOPLIST_KEY_UISupportedInterfaceOrientations = UIInterfaceOrientationPortrait;
				INFOPLIST_KEY_UISupportedInterfaceOrientations_iPad = "UIInterfaceOrientationPortrait UIInterfaceOrientationPortraitUpsideDown UIInterfaceOrientationLandscapeLeft UIInterfaceOrientationLandscapeRight";
				INFOPLIST_KEY_UISupportedInterfaceOrientations_iPhone = "UIInterfaceOrientationPortrait UIInterfaceOrientationLandscapeLeft UIInterfaceOrientationLandscapeRight";
				LD_RUNPATH_SEARCH_PATHS = (
					"$(inherited)",
					"@executable_path/Frameworks",
				);
				MARKETING_VERSION = 1.0;
				PRODUCT_BUNDLE_IDENTIFIER = io.feek.UITabBar;
				PRODUCT_NAME = "$(TARGET_NAME)";
				SUPPORTS_MACCATALYST = NO;
				SWIFT_EMIT_LOC_STRINGS = YES;
				SWIFT_VERSION = 5.0;
				TARGETED_DEVICE_FAMILY = "1,2";
			};
			name = Debug;
		};
		11DAB3222797A69200AA086B /* Release */ = {
			isa = XCBuildConfiguration;
			buildSettings = {
				ASSETCATALOG_COMPILER_APPICON_NAME = AppIcon;
				ASSETCATALOG_COMPILER_GLOBAL_ACCENT_COLOR_NAME = AccentColor;
				CODE_SIGN_ENTITLEMENTS = UITabBar/UITabBar.entitlements;
				CODE_SIGN_STYLE = Automatic;
				CURRENT_PROJECT_VERSION = 1;
				DEVELOPMENT_TEAM = YR7ARU28XV;
				GENERATE_INFOPLIST_FILE = YES;
				INFOPLIST_FILE = UITabBar/Info.plist;
				INFOPLIST_KEY_UIApplicationSupportsIndirectInputEvents = YES;
				INFOPLIST_KEY_UILaunchStoryboardName = LaunchScreen;
				INFOPLIST_KEY_UIMainStoryboardFile = Main;
				INFOPLIST_KEY_UISupportedInterfaceOrientations = UIInterfaceOrientationPortrait;
				INFOPLIST_KEY_UISupportedInterfaceOrientations_iPad = "UIInterfaceOrientationPortrait UIInterfaceOrientationPortraitUpsideDown UIInterfaceOrientationLandscapeLeft UIInterfaceOrientationLandscapeRight";
				INFOPLIST_KEY_UISupportedInterfaceOrientations_iPhone = "UIInterfaceOrientationPortrait UIInterfaceOrientationLandscapeLeft UIInterfaceOrientationLandscapeRight";
				LD_RUNPATH_SEARCH_PATHS = (
					"$(inherited)",
					"@executable_path/Frameworks",
				);
				MARKETING_VERSION = 1.0;
				PRODUCT_BUNDLE_IDENTIFIER = io.feek.UITabBar;
				PRODUCT_NAME = "$(TARGET_NAME)";
				SUPPORTS_MACCATALYST = NO;
				SWIFT_EMIT_LOC_STRINGS = YES;
				SWIFT_VERSION = 5.0;
				TARGETED_DEVICE_FAMILY = "1,2";
			};
			name = Release;
		};
/* End XCBuildConfiguration section */

/* Begin XCConfigurationList section */
		11DAB3072797A69000AA086B /* Build configuration list for PBXProject "UITabBar" */ = {
			isa = XCConfigurationList;
			buildConfigurations = (
				11DAB31E2797A69200AA086B /* Debug */,
				11DAB31F2797A69200AA086B /* Release */,
			);
			defaultConfigurationIsVisible = 0;
			defaultConfigurationName = Release;
		};
		11DAB3202797A69200AA086B /* Build configuration list for PBXNativeTarget "UITabBar" */ = {
			isa = XCConfigurationList;
			buildConfigurations = (
				11DAB3212797A69200AA086B /* Debug */,
				11DAB3222797A69200AA086B /* Release */,
			);
			defaultConfigurationIsVisible = 0;
			defaultConfigurationName = Release;
		};
/* End XCConfigurationList section */

/* Begin XCRemoteSwiftPackageReference section */
		11DAB335279AE70D00AA086B /* XCRemoteSwiftPackageReference "CalendarKit" */ = {
			isa = XCRemoteSwiftPackageReference;
			repositoryURL = "https://github.com/richardtop/CalendarKit.git";
			requirement = {
				kind = upToNextMajorVersion;
				minimumVersion = 1.0.0;
			};
		};
		11DAB338279AF2C000AA086B /* XCRemoteSwiftPackageReference "HorizontalCalendar" */ = {
			isa = XCRemoteSwiftPackageReference;
			repositoryURL = "https://github.com/salmaanahmed/HorizontalCalendar.git";
			requirement = {
				kind = upToNextMajorVersion;
				minimumVersion = 0.0.1;
			};
		};
/* End XCRemoteSwiftPackageReference section */
	};
	rootObject = 11DAB3042797A69000AA086B /* Project object */;
}
